
Microsoft Visual Studio Solution File, Format Version 12.00
# Visual Studio Version 16
VisualStudioVersion = 16.0.31613.86
MinimumVisualStudioVersion = 10.0.40219.1
Project("{FAE04EC0-301F-11D3-BF4B-00C04F79EFBC}") = "RetailManager.Api", "RetailManager.Api\RetailManager.Api.csproj", "{9DB3833C-1BB0-424F-80BB-F289954D0292}"
EndProject
Project("{00D1A9C2-B5F0-4AF3-8072-F6C62B433612}") = "RetailManagerData", "RetailManagerData\RetailManagerData.sqlproj", "{D02753FC-23BC-4F7B-8A7D-9E8921817586}"
EndProject
Global
	GlobalSection(SolutionConfigurationPlatforms) = preSolution
		Debug|Any CPU = Debug|Any CPU
		Release|Any CPU = Release|Any CPU
	EndGlobalSection
	GlobalSection(ProjectConfigurationPlatforms) = postSolution
		{9DB3833C-1BB0-424F-80BB-F289954D0292}.Debug|Any CPU.ActiveCfg = Debug|Any CPU
		{9DB3833C-1BB0-424F-80BB-F289954D0292}.Debug|Any CPU.Build.0 = Debug|Any CPU
		{9DB3833C-1BB0-424F-80BB-F289954D0292}.Release|Any CPU.ActiveCfg = Release|Any CPU
		{9DB3833C-1BB0-424F-80BB-F289954D0292}.Release|Any CPU.Build.0 = Release|Any CPU
		{D02753FC-23BC-4F7B-8A7D-9E8921817586}.Debug|Any CPU.ActiveCfg = Debug|Any CPU
		{D02753FC-23BC-4F7B-8A7D-9E8921817586}.Debug|Any CPU.Build.0 = Debug|Any CPU
		{D02753FC-23BC-4F7B-8A7D-9E8921817586}.Debug|Any CPU.Deploy.0 = Debug|Any CPU
		{D02753FC-23BC-4F7B-8A7D-9E8921817586}.Release|Any CPU.ActiveCfg = Release|Any CPU
		{D02753FC-23BC-4F7B-8A7D-9E8921817586}.Release|Any CPU.Build.0 = Release|Any CPU
		{D02753FC-23BC-4F7B-8A7D-9E8921817586}.Release|Any CPU.Deploy.0 = Release|Any CPU
	EndGlobalSection
	GlobalSection(SolutionProperties) = preSolution
		HideSolutionNode = FALSE
	EndGlobalSection
	GlobalSection(ExtensibilityGlobals) = postSolution
		SolutionGuid = {E5142044-56B0-4A3B-B1F2-BF698079960F}
	EndGlobalSection
EndGlobal
